// !$*UTF8*$!
{
	archiveVersion = 1;
	classes = {
	};
	objectVersion = 55;
	objects = {

/* Begin PBXBuildFile section */
		C975E3BD280C5344005805B9 /* TestApp2App.swift in Sources */ = {isa = PBXBuildFile; fileRef = C975E3AD280C5344005805B9 /* TestApp2App.swift */; };
		C975E3BE280C5344005805B9 /* TestApp2App.swift in Sources */ = {isa = PBXBuildFile; fileRef = C975E3AD280C5344005805B9 /* TestApp2App.swift */; };
		C975E3BF280C5344005805B9 /* ContentView.swift in Sources */ = {isa = PBXBuildFile; fileRef = C975E3AE280C5344005805B9 /* ContentView.swift */; };
		C975E3C0280C5344005805B9 /* ContentView.swift in Sources */ = {isa = PBXBuildFile; fileRef = C975E3AE280C5344005805B9 /* ContentView.swift */; };
		C975E3C1280C5344005805B9 /* Assets.xcassets in Resources */ = {isa = PBXBuildFile; fileRef = C975E3AF280C5344005805B9 /* Assets.xcassets */; };
		C975E3C2280C5344005805B9 /* Assets.xcassets in Resources */ = {isa = PBXBuildFile; fileRef = C975E3AF280C5344005805B9 /* Assets.xcassets */; };
		C975E3CC280C5402005805B9 /* Storage.swift in Sources */ = {isa = PBXBuildFile; fileRef = C975E3CB280C5402005805B9 /* Storage.swift */; };
		C975E3CD280C5402005805B9 /* Storage.swift in Sources */ = {isa = PBXBuildFile; fileRef = C975E3CB280C5402005805B9 /* Storage.swift */; };
		C9948AEE280F207E006BC829 /* ConversationsView.swift in Sources */ = {isa = PBXBuildFile; fileRef = C9948AED280F207E006BC829 /* ConversationsView.swift */; };
		C9948AEF280F207E006BC829 /* ConversationsView.swift in Sources */ = {isa = PBXBuildFile; fileRef = C9948AED280F207E006BC829 /* ConversationsView.swift */; };
		C9948AF2280F20B7006BC829 /* ConversationListItem.swift in Sources */ = {isa = PBXBuildFile; fileRef = C9948AF1280F20B7006BC829 /* ConversationListItem.swift */; };
		C9948AF3280F20B7006BC829 /* ConversationListItem.swift in Sources */ = {isa = PBXBuildFile; fileRef = C9948AF1280F20B7006BC829 /* ConversationListItem.swift */; };
		C9948AF5280F239B006BC829 /* ConversationDetail.swift in Sources */ = {isa = PBXBuildFile; fileRef = C9948AF4280F239B006BC829 /* ConversationDetail.swift */; };
		C9948AF6280F239B006BC829 /* ConversationDetail.swift in Sources */ = {isa = PBXBuildFile; fileRef = C9948AF4280F239B006BC829 /* ConversationDetail.swift */; };
		C9948AF9280F3024006BC829 /* FriendsList.swift in Sources */ = {isa = PBXBuildFile; fileRef = C9948AF8280F3024006BC829 /* FriendsList.swift */; };
		C9948AFA280F3024006BC829 /* FriendsList.swift in Sources */ = {isa = PBXBuildFile; fileRef = C9948AF8280F3024006BC829 /* FriendsList.swift */; };
		C9948AFC280F36CC006BC829 /* FriendListItem.swift in Sources */ = {isa = PBXBuildFile; fileRef = C9948AFB280F36CC006BC829 /* FriendListItem.swift */; };
		C9948AFD280F36CC006BC829 /* FriendListItem.swift in Sources */ = {isa = PBXBuildFile; fileRef = C9948AFB280F36CC006BC829 /* FriendListItem.swift */; };
		C9948B00280F3BE2006BC829 /* LoginSheet.swift in Sources */ = {isa = PBXBuildFile; fileRef = C9948AFF280F3BE2006BC829 /* LoginSheet.swift */; };
		C9948B01280F3BE2006BC829 /* LoginSheet.swift in Sources */ = {isa = PBXBuildFile; fileRef = C9948AFF280F3BE2006BC829 /* LoginSheet.swift */; };
		C9948B03280F5982006BC829 /* FriendController.swift in Sources */ = {isa = PBXBuildFile; fileRef = C9948B02280F5981006BC829 /* FriendController.swift */; };
		C9948B04280F5982006BC829 /* FriendController.swift in Sources */ = {isa = PBXBuildFile; fileRef = C9948B02280F5981006BC829 /* FriendController.swift */; };
		C9BF64DA280D0D130060AD5B /* ItemData.swift in Sources */ = {isa = PBXBuildFile; fileRef = C9BF64D9280D0D130060AD5B /* ItemData.swift */; };
		C9BF64DB280D0D130060AD5B /* ItemData.swift in Sources */ = {isa = PBXBuildFile; fileRef = C9BF64D9280D0D130060AD5B /* ItemData.swift */; };
		C9C24122280E0D75001B1236 /* API.swift in Sources */ = {isa = PBXBuildFile; fileRef = C9C24121280E0D75001B1236 /* API.swift */; };
		C9C24123280E0D75001B1236 /* API.swift in Sources */ = {isa = PBXBuildFile; fileRef = C9C24121280E0D75001B1236 /* API.swift */; };
		C9D76A34280F7C24002FA101 /* SessionStore.swift in Sources */ = {isa = PBXBuildFile; fileRef = C9D76A33280F7C24002FA101 /* SessionStore.swift */; };
		C9D76A35280F7C24002FA101 /* SessionStore.swift in Sources */ = {isa = PBXBuildFile; fileRef = C9D76A33280F7C24002FA101 /* SessionStore.swift */; };
/* End PBXBuildFile section */

/* Begin PBXFileReference section */
		C975E3AD280C5344005805B9 /* TestApp2App.swift */ = {isa = PBXFileReference; lastKnownFileType = sourcecode.swift; path = TestApp2App.swift; sourceTree = "<group>"; };
		C975E3AE280C5344005805B9 /* ContentView.swift */ = {isa = PBXFileReference; lastKnownFileType = sourcecode.swift; path = ContentView.swift; sourceTree = "<group>"; };
		C975E3AF280C5344005805B9 /* Assets.xcassets */ = {isa = PBXFileReference; lastKnownFileType = folder.assetcatalog; path = Assets.xcassets; sourceTree = "<group>"; };
		C975E3B4280C5344005805B9 /* TestApp2.app */ = {isa = PBXFileReference; explicitFileType = wrapper.application; includeInIndex = 0; path = TestApp2.app; sourceTree = BUILT_PRODUCTS_DIR; };
		C975E3BA280C5344005805B9 /* TestApp2.app */ = {isa = PBXFileReference; explicitFileType = wrapper.application; includeInIndex = 0; path = TestApp2.app; sourceTree = BUILT_PRODUCTS_DIR; };
		C975E3BC280C5344005805B9 /* macOS.entitlements */ = {isa = PBXFileReference; lastKnownFileType = text.plist.entitlements; path = macOS.entitlements; sourceTree = "<group>"; };
		C975E3CB280C5402005805B9 /* Storage.swift */ = {isa = PBXFileReference; lastKnownFileType = sourcecode.swift; path = Storage.swift; sourceTree = "<group>"; };
		C9948AED280F207E006BC829 /* ConversationsView.swift */ = {isa = PBXFileReference; fileEncoding = 4; lastKnownFileType = sourcecode.swift; name = ConversationsView.swift; path = Shared/Conversations/ConversationsView.swift; sourceTree = SOURCE_ROOT; };
		C9948AF1280F20B7006BC829 /* ConversationListItem.swift */ = {isa = PBXFileReference; lastKnownFileType = sourcecode.swift; path = ConversationListItem.swift; sourceTree = "<group>"; };
		C9948AF4280F239B006BC829 /* ConversationDetail.swift */ = {isa = PBXFileReference; lastKnownFileType = sourcecode.swift; path = ConversationDetail.swift; sourceTree = "<group>"; };
		C9948AF8280F3024006BC829 /* FriendsList.swift */ = {isa = PBXFileReference; lastKnownFileType = sourcecode.swift; path = FriendsList.swift; sourceTree = "<group>"; };
		C9948AFB280F36CC006BC829 /* FriendListItem.swift */ = {isa = PBXFileReference; lastKnownFileType = sourcecode.swift; path = FriendListItem.swift; sourceTree = "<group>"; };
		C9948AFF280F3BE2006BC829 /* LoginSheet.swift */ = {isa = PBXFileReference; lastKnownFileType = sourcecode.swift; path = LoginSheet.swift; sourceTree = "<group>"; };
		C9948B02280F5981006BC829 /* FriendController.swift */ = {isa = PBXFileReference; lastKnownFileType = sourcecode.swift; path = FriendController.swift; sourceTree = "<group>"; };
		C9BF64D9280D0D130060AD5B /* ItemData.swift */ = {isa = PBXFileReference; lastKnownFileType = sourcecode.swift; path = ItemData.swift; sourceTree = "<group>"; };
		C9C24121280E0D75001B1236 /* API.swift */ = {isa = PBXFileReference; lastKnownFileType = sourcecode.swift; path = API.swift; sourceTree = "<group>"; };
		C9D76A33280F7C24002FA101 /* SessionStore.swift */ = {isa = PBXFileReference; lastKnownFileType = sourcecode.swift; path = SessionStore.swift; sourceTree = "<group>"; };
/* End PBXFileReference section */

/* Begin PBXFrameworksBuildPhase section */
		C975E3B1280C5344005805B9 /* Frameworks */ = {
			isa = PBXFrameworksBuildPhase;
			buildActionMask = 2147483647;
			files = (
			);
			runOnlyForDeploymentPostprocessing = 0;
		};
		C975E3B7280C5344005805B9 /* Frameworks */ = {
			isa = PBXFrameworksBuildPhase;
			buildActionMask = 2147483647;
			files = (
			);
			runOnlyForDeploymentPostprocessing = 0;
		};
/* End PBXFrameworksBuildPhase section */

/* Begin PBXGroup section */
		C975E3A7280C5343005805B9 = {
			isa = PBXGroup;
			children = (
				C975E3AC280C5344005805B9 /* Shared */,
				C975E3BB280C5344005805B9 /* macOS */,
				C975E3B5280C5344005805B9 /* Products */,
			);
			sourceTree = "<group>";
		};
		C975E3AC280C5344005805B9 /* Shared */ = {
			isa = PBXGroup;
			children = (
				C975E3AD280C5344005805B9 /* TestApp2App.swift */,
				C975E3AE280C5344005805B9 /* ContentView.swift */,
				C9948AF7280F3018006BC829 /* Friends */,
				C9948AF0280F209A006BC829 /* Conversations */,
				C9948AFE280F3BCB006BC829 /* Login */,
				C9C24121280E0D75001B1236 /* API.swift */,
				C9BF64D9280D0D130060AD5B /* ItemData.swift */,
				C975E3CB280C5402005805B9 /* Storage.swift */,
				C975E3AF280C5344005805B9 /* Assets.xcassets */,
			);
			path = Shared;
			sourceTree = "<group>";
		};
		C975E3B5280C5344005805B9 /* Products */ = {
			isa = PBXGroup;
			children = (
				C975E3B4280C5344005805B9 /* TestApp2.app */,
				C975E3BA280C5344005805B9 /* TestApp2.app */,
			);
			name = Products;
			sourceTree = "<group>";
		};
		C975E3BB280C5344005805B9 /* macOS */ = {
			isa = PBXGroup;
			children = (
				C975E3BC280C5344005805B9 /* macOS.entitlements */,
			);
			path = macOS;
			sourceTree = "<group>";
		};
		C9948AF0280F209A006BC829 /* Conversations */ = {
			isa = PBXGroup;
			children = (
				C9948AED280F207E006BC829 /* ConversationsView.swift */,
				C9948AF4280F239B006BC829 /* ConversationDetail.swift */,
				C9948AF1280F20B7006BC829 /* ConversationListItem.swift */,
			);
			path = Conversations;
			sourceTree = "<group>";
		};
		C9948AF7280F3018006BC829 /* Friends */ = {
			isa = PBXGroup;
			children = (
				C9948AF8280F3024006BC829 /* FriendsList.swift */,
				C9948AFB280F36CC006BC829 /* FriendListItem.swift */,
				C9948B02280F5981006BC829 /* FriendController.swift */,
			);
			path = Friends;
			sourceTree = "<group>";
		};
		C9948AFE280F3BCB006BC829 /* Login */ = {
			isa = PBXGroup;
			children = (
				C9948AFF280F3BE2006BC829 /* LoginSheet.swift */,
				C9D76A33280F7C24002FA101 /* SessionStore.swift */,
			);
			path = Login;
			sourceTree = "<group>";
		};
/* End PBXGroup section */

/* Begin PBXNativeTarget section */
		C975E3B3280C5344005805B9 /* TestApp2 (iOS) */ = {
			isa = PBXNativeTarget;
			buildConfigurationList = C975E3C5280C5344005805B9 /* Build configuration list for PBXNativeTarget "TestApp2 (iOS)" */;
			buildPhases = (
				C975E3B0280C5344005805B9 /* Sources */,
				C975E3B1280C5344005805B9 /* Frameworks */,
				C975E3B2280C5344005805B9 /* Resources */,
			);
			buildRules = (
			);
			dependencies = (
			);
			name = "TestApp2 (iOS)";
			productName = "TestApp2 (iOS)";
			productReference = C975E3B4280C5344005805B9 /* TestApp2.app */;
			productType = "com.apple.product-type.application";
		};
		C975E3B9280C5344005805B9 /* TestApp2 (macOS) */ = {
			isa = PBXNativeTarget;
			buildConfigurationList = C975E3C8280C5344005805B9 /* Build configuration list for PBXNativeTarget "TestApp2 (macOS)" */;
			buildPhases = (
				C975E3B6280C5344005805B9 /* Sources */,
				C975E3B7280C5344005805B9 /* Frameworks */,
				C975E3B8280C5344005805B9 /* Resources */,
			);
			buildRules = (
			);
			dependencies = (
			);
			name = "TestApp2 (macOS)";
			productName = "TestApp2 (macOS)";
			productReference = C975E3BA280C5344005805B9 /* TestApp2.app */;
			productType = "com.apple.product-type.application";
		};
/* End PBXNativeTarget section */

/* Begin PBXProject section */
		C975E3A8280C5343005805B9 /* Project object */ = {
			isa = PBXProject;
			attributes = {
				BuildIndependentTargetsInParallel = 1;
				LastSwiftUpdateCheck = 1330;
				LastUpgradeCheck = 1330;
				TargetAttributes = {
					C975E3B3280C5344005805B9 = {
						CreatedOnToolsVersion = 13.3.1;
					};
					C975E3B9280C5344005805B9 = {
						CreatedOnToolsVersion = 13.3.1;
					};
				};
			};
			buildConfigurationList = C975E3AB280C5343005805B9 /* Build configuration list for PBXProject "TestApp2" */;
			compatibilityVersion = "Xcode 13.0";
			developmentRegion = en;
			hasScannedForEncodings = 0;
			knownRegions = (
				en,
				Base,
			);
			mainGroup = C975E3A7280C5343005805B9;
			productRefGroup = C975E3B5280C5344005805B9 /* Products */;
			projectDirPath = "";
			projectRoot = "";
			targets = (
				C975E3B3280C5344005805B9 /* TestApp2 (iOS) */,
				C975E3B9280C5344005805B9 /* TestApp2 (macOS) */,
			);
		};
/* End PBXProject section */

/* Begin PBXResourcesBuildPhase section */
		C975E3B2280C5344005805B9 /* Resources */ = {
			isa = PBXResourcesBuildPhase;
			buildActionMask = 2147483647;
			files = (
				C975E3C1280C5344005805B9 /* Assets.xcassets in Resources */,
			);
			runOnlyForDeploymentPostprocessing = 0;
		};
		C975E3B8280C5344005805B9 /* Resources */ = {
			isa = PBXResourcesBuildPhase;
			buildActionMask = 2147483647;
			files = (
				C975E3C2280C5344005805B9 /* Assets.xcassets in Resources */,
			);
			runOnlyForDeploymentPostprocessing = 0;
		};
/* End PBXResourcesBuildPhase section */

/* Begin PBXSourcesBuildPhase section */
		C975E3B0280C5344005805B9 /* Sources */ = {
			isa = PBXSourcesBuildPhase;
			buildActionMask = 2147483647;
			files = (
				C9D76A34280F7C24002FA101 /* SessionStore.swift in Sources */,
				C9948AF2280F20B7006BC829 /* ConversationListItem.swift in Sources */,
				C9948B03280F5982006BC829 /* FriendController.swift in Sources */,
				C9948B00280F3BE2006BC829 /* LoginSheet.swift in Sources */,
				C9948AF5280F239B006BC829 /* ConversationDetail.swift in Sources */,
				C975E3BF280C5344005805B9 /* ContentView.swift in Sources */,
				C975E3BD280C5344005805B9 /* TestApp2App.swift in Sources */,
				C9BF64DA280D0D130060AD5B /* ItemData.swift in Sources */,
				C9948AF9280F3024006BC829 /* FriendsList.swift in Sources */,
				C975E3CC280C5402005805B9 /* Storage.swift in Sources */,
				C9C24122280E0D75001B1236 /* API.swift in Sources */,
				C9948AFC280F36CC006BC829 /* FriendListItem.swift in Sources */,
				C9948AEE280F207E006BC829 /* ConversationsView.swift in Sources */,
			);
			runOnlyForDeploymentPostprocessing = 0;
		};
		C975E3B6280C5344005805B9 /* Sources */ = {
			isa = PBXSourcesBuildPhase;
			buildActionMask = 2147483647;
			files = (
				C9D76A35280F7C24002FA101 /* SessionStore.swift in Sources */,
				C9948AF3280F20B7006BC829 /* ConversationListItem.swift in Sources */,
				C9948B04280F5982006BC829 /* FriendController.swift in Sources */,
				C9948B01280F3BE2006BC829 /* LoginSheet.swift in Sources */,
				C9948AF6280F239B006BC829 /* ConversationDetail.swift in Sources */,
				C975E3C0280C5344005805B9 /* ContentView.swift in Sources */,
				C975E3BE280C5344005805B9 /* TestApp2App.swift in Sources */,
				C9BF64DB280D0D130060AD5B /* ItemData.swift in Sources */,
				C9948AFA280F3024006BC829 /* FriendsList.swift in Sources */,
				C975E3CD280C5402005805B9 /* Storage.swift in Sources */,
				C9C24123280E0D75001B1236 /* API.swift in Sources */,
				C9948AFD280F36CC006BC829 /* FriendListItem.swift in Sources */,
				C9948AEF280F207E006BC829 /* ConversationsView.swift in Sources */,
			);
			runOnlyForDeploymentPostprocessing = 0;
		};
/* End PBXSourcesBuildPhase section */

/* Begin XCBuildConfiguration section */
		C975E3C3280C5344005805B9 /* Debug */ = {
			isa = XCBuildConfiguration;
			buildSettings = {
				ALWAYS_SEARCH_USER_PATHS = NO;
				CLANG_ANALYZER_NONNULL = YES;
				CLANG_ANALYZER_NUMBER_OBJECT_CONVERSION = YES_AGGRESSIVE;
				CLANG_CXX_LANGUAGE_STANDARD = "gnu++17";
				CLANG_ENABLE_MODULES = YES;
				CLANG_ENABLE_OBJC_ARC = YES;
				CLANG_ENABLE_OBJC_WEAK = YES;
				CLANG_WARN_BLOCK_CAPTURE_AUTORELEASING = YES;
				CLANG_WARN_BOOL_CONVERSION = YES;
				CLANG_WARN_COMMA = YES;
				CLANG_WARN_CONSTANT_CONVERSION = YES;
				CLANG_WARN_DEPRECATED_OBJC_IMPLEMENTATIONS = YES;
				CLANG_WARN_DIRECT_OBJC_ISA_USAGE = YES_ERROR;
				CLANG_WARN_DOCUMENTATION_COMMENTS = YES;
				CLANG_WARN_EMPTY_BODY = YES;
				CLANG_WARN_ENUM_CONVERSION = YES;
				CLANG_WARN_INFINITE_RECURSION = YES;
				CLANG_WARN_INT_CONVERSION = YES;
				CLANG_WARN_NON_LITERAL_NULL_CONVERSION = YES;
				CLANG_WARN_OBJC_IMPLICIT_RETAIN_SELF = YES;
				CLANG_WARN_OBJC_LITERAL_CONVERSION = YES;
				CLANG_WARN_OBJC_ROOT_CLASS = YES_ERROR;
				CLANG_WARN_QUOTED_INCLUDE_IN_FRAMEWORK_HEADER = YES;
				CLANG_WARN_RANGE_LOOP_ANALYSIS = YES;
				CLANG_WARN_STRICT_PROTOTYPES = YES;
				CLANG_WARN_SUSPICIOUS_MOVE = YES;
				CLANG_WARN_UNGUARDED_AVAILABILITY = YES_AGGRESSIVE;
				CLANG_WARN_UNREACHABLE_CODE = YES;
				CLANG_WARN__DUPLICATE_METHOD_MATCH = YES;
				COPY_PHASE_STRIP = NO;
				DEBUG_INFORMATION_FORMAT = dwarf;
				ENABLE_STRICT_OBJC_MSGSEND = YES;
				ENABLE_TESTABILITY = YES;
				GCC_C_LANGUAGE_STANDARD = gnu11;
				GCC_DYNAMIC_NO_PIC = NO;
				GCC_NO_COMMON_BLOCKS = YES;
				GCC_OPTIMIZATION_LEVEL = 0;
				GCC_PREPROCESSOR_DEFINITIONS = (
					"DEBUG=1",
					"$(inherited)",
				);
				GCC_WARN_64_TO_32_BIT_CONVERSION = YES;
				GCC_WARN_ABOUT_RETURN_TYPE = YES_ERROR;
				GCC_WARN_UNDECLARED_SELECTOR = YES;
				GCC_WARN_UNINITIALIZED_AUTOS = YES_AGGRESSIVE;
				GCC_WARN_UNUSED_FUNCTION = YES;
				GCC_WARN_UNUSED_VARIABLE = YES;
				MTL_ENABLE_DEBUG_INFO = INCLUDE_SOURCE;
				MTL_FAST_MATH = YES;
				ONLY_ACTIVE_ARCH = YES;
				SWIFT_ACTIVE_COMPILATION_CONDITIONS = DEBUG;
				SWIFT_OPTIMIZATION_LEVEL = "-Onone";
			};
			name = Debug;
		};
		C975E3C4280C5344005805B9 /* Release */ = {
			isa = XCBuildConfiguration;
			buildSettings = {
				ALWAYS_SEARCH_USER_PATHS = NO;
				CLANG_ANALYZER_NONNULL = YES;
				CLANG_ANALYZER_NUMBER_OBJECT_CONVERSION = YES_AGGRESSIVE;
				CLANG_CXX_LANGUAGE_STANDARD = "gnu++17";
				CLANG_ENABLE_MODULES = YES;
				CLANG_ENABLE_OBJC_ARC = YES;
				CLANG_ENABLE_OBJC_WEAK = YES;
				CLANG_WARN_BLOCK_CAPTURE_AUTORELEASING = YES;
				CLANG_WARN_BOOL_CONVERSION = YES;
				CLANG_WARN_COMMA = YES;
				CLANG_WARN_CONSTANT_CONVERSION = YES;
				CLANG_WARN_DEPRECATED_OBJC_IMPLEMENTATIONS = YES;
				CLANG_WARN_DIRECT_OBJC_ISA_USAGE = YES_ERROR;
				CLANG_WARN_DOCUMENTATION_COMMENTS = YES;
				CLANG_WARN_EMPTY_BODY = YES;
				CLANG_WARN_ENUM_CONVERSION = YES;
				CLANG_WARN_INFINITE_RECURSION = YES;
				CLANG_WARN_INT_CONVERSION = YES;
				CLANG_WARN_NON_LITERAL_NULL_CONVERSION = YES;
				CLANG_WARN_OBJC_IMPLICIT_RETAIN_SELF = YES;
				CLANG_WARN_OBJC_LITERAL_CONVERSION = YES;
				CLANG_WARN_OBJC_ROOT_CLASS = YES_ERROR;
				CLANG_WARN_QUOTED_INCLUDE_IN_FRAMEWORK_HEADER = YES;
				CLANG_WARN_RANGE_LOOP_ANALYSIS = YES;
				CLANG_WARN_STRICT_PROTOTYPES = YES;
				CLANG_WARN_SUSPICIOUS_MOVE = YES;
				CLANG_WARN_UNGUARDED_AVAILABILITY = YES_AGGRESSIVE;
				CLANG_WARN_UNREACHABLE_CODE = YES;
				CLANG_WARN__DUPLICATE_METHOD_MATCH = YES;
				COPY_PHASE_STRIP = NO;
				DEBUG_INFORMATION_FORMAT = "dwarf-with-dsym";
				ENABLE_NS_ASSERTIONS = NO;
				ENABLE_STRICT_OBJC_MSGSEND = YES;
				GCC_C_LANGUAGE_STANDARD = gnu11;
				GCC_NO_COMMON_BLOCKS = YES;
				GCC_WARN_64_TO_32_BIT_CONVERSION = YES;
				GCC_WARN_ABOUT_RETURN_TYPE = YES_ERROR;
				GCC_WARN_UNDECLARED_SELECTOR = YES;
				GCC_WARN_UNINITIALIZED_AUTOS = YES_AGGRESSIVE;
				GCC_WARN_UNUSED_FUNCTION = YES;
				GCC_WARN_UNUSED_VARIABLE = YES;
				MTL_ENABLE_DEBUG_INFO = NO;
				MTL_FAST_MATH = YES;
				SWIFT_COMPILATION_MODE = wholemodule;
				SWIFT_OPTIMIZATION_LEVEL = "-O";
			};
			name = Release;
		};
		C975E3C6280C5344005805B9 /* Debug */ = {
			isa = XCBuildConfiguration;
			buildSettings = {
				ASSETCATALOG_COMPILER_APPICON_NAME = AppIcon;
				ASSETCATALOG_COMPILER_GLOBAL_ACCENT_COLOR_NAME = AccentColor;
				CODE_SIGN_STYLE = Automatic;
				CURRENT_PROJECT_VERSION = 1;
				DEVELOPMENT_TEAM = KAUP57EMXY;
				ENABLE_PREVIEWS = YES;
				GENERATE_INFOPLIST_FILE = YES;
				INFOPLIST_KEY_UIApplicationSceneManifest_Generation = YES;
				INFOPLIST_KEY_UIApplicationSupportsIndirectInputEvents = YES;
				INFOPLIST_KEY_UILaunchScreen_Generation = YES;
				INFOPLIST_KEY_UISupportedInterfaceOrientations_iPad = "UIInterfaceOrientationPortrait UIInterfaceOrientationPortraitUpsideDown UIInterfaceOrientationLandscapeLeft UIInterfaceOrientationLandscapeRight";
				INFOPLIST_KEY_UISupportedInterfaceOrientations_iPhone = "UIInterfaceOrientationPortrait UIInterfaceOrientationLandscapeLeft UIInterfaceOrientationLandscapeRight";
				IPHONEOS_DEPLOYMENT_TARGET = 15.1;
				LD_RUNPATH_SEARCH_PATHS = (
					"$(inherited)",
					"@executable_path/Frameworks",
				);
				MARKETING_VERSION = 1.0;
				PRODUCT_BUNDLE_IDENTIFIER = nft.cyberpsych0siis.TestApp2;
				PRODUCT_NAME = TestApp2;
				SDKROOT = iphoneos;
				SWIFT_EMIT_LOC_STRINGS = YES;
				SWIFT_VERSION = 5.0;
				TARGETED_DEVICE_FAMILY = "1,2";
				TVOS_DEPLOYMENT_TARGET = 15.1;
			};
			name = Debug;
		};
		C975E3C7280C5344005805B9 /* Release */ = {
			isa = XCBuildConfiguration;
			buildSettings = {
				ASSETCATALOG_COMPILER_APPICON_NAME = AppIcon;
				ASSETCATALOG_COMPILER_GLOBAL_ACCENT_COLOR_NAME = AccentColor;
				CODE_SIGN_STYLE = Automatic;
				CURRENT_PROJECT_VERSION = 1;
				DEVELOPMENT_TEAM = KAUP57EMXY;
				ENABLE_PREVIEWS = YES;
				GENERATE_INFOPLIST_FILE = YES;
				INFOPLIST_KEY_UIApplicationSceneManifest_Generation = YES;
				INFOPLIST_KEY_UIApplicationSupportsIndirectInputEvents = YES;
				INFOPLIST_KEY_UILaunchScreen_Generation = YES;
				INFOPLIST_KEY_UISupportedInterfaceOrientations_iPad = "UIInterfaceOrientationPortrait UIInterfaceOrientationPortraitUpsideDown UIInterfaceOrientationLandscapeLeft UIInterfaceOrientationLandscapeRight";
				INFOPLIST_KEY_UISupportedInterfaceOrientations_iPhone = "UIInterfaceOrientationPortrait UIInterfaceOrientationLandscapeLeft UIInterfaceOrientationLandscapeRight";
				IPHONEOS_DEPLOYMENT_TARGET = 15.1;
				LD_RUNPATH_SEARCH_PATHS = (
					"$(inherited)",
					"@executable_path/Frameworks",
				);
				MARKETING_VERSION = 1.0;
				PRODUCT_BUNDLE_IDENTIFIER = nft.cyberpsych0siis.TestApp2;
				PRODUCT_NAME = TestApp2;
				SDKROOT = iphoneos;
				SWIFT_EMIT_LOC_STRINGS = YES;
				SWIFT_VERSION = 5.0;
				TARGETED_DEVICE_FAMILY = "1,2";
				TVOS_DEPLOYMENT_TARGET = 15.1;
				VALIDATE_PRODUCT = YES;
			};
			name = Release;
		};
		C975E3C9280C5344005805B9 /* Debug */ = {
			isa = XCBuildConfiguration;
			buildSettings = {
				ASSETCATALOG_COMPILER_APPICON_NAME = AppIcon;
				ASSETCATALOG_COMPILER_GLOBAL_ACCENT_COLOR_NAME = AccentColor;
				CODE_SIGN_ENTITLEMENTS = macOS/macOS.entitlements;
				CODE_SIGN_STYLE = Automatic;
				COMBINE_HIDPI_IMAGES = YES;
				CURRENT_PROJECT_VERSION = 1;
				DEVELOPMENT_TEAM = KAUP57EMXY;
				ENABLE_HARDENED_RUNTIME = YES;
				ENABLE_PREVIEWS = YES;
				GENERATE_INFOPLIST_FILE = YES;
				INFOPLIST_KEY_NSHumanReadableCopyright = "";
				LD_RUNPATH_SEARCH_PATHS = (
					"$(inherited)",
					"@executable_path/../Frameworks",
				);
				MACOSX_DEPLOYMENT_TARGET = 12.3;
				MARKETING_VERSION = 1.0;
				PRODUCT_BUNDLE_IDENTIFIER = nft.cyberpsych0siis.TestApp2;
				PRODUCT_NAME = TestApp2;
				SDKROOT = macosx;
				SWIFT_EMIT_LOC_STRINGS = YES;
				SWIFT_VERSION = 5.0;
			};
			name = Debug;
		};
		C975E3CA280C5344005805B9 /* Release */ = {
			isa = XCBuildConfiguration;
			buildSettings = {
				ASSETCATALOG_COMPILER_APPICON_NAME = AppIcon;
				ASSETCATALOG_COMPILER_GLOBAL_ACCENT_COLOR_NAME = AccentColor;
				CODE_SIGN_ENTITLEMENTS = macOS/macOS.entitlements;
				CODE_SIGN_STYLE = Automatic;
				COMBINE_HIDPI_IMAGES = YES;
				CURRENT_PROJECT_VERSION = 1;
				DEVELOPMENT_TEAM = KAUP57EMXY;
				ENABLE_HARDENED_RUNTIME = YES;
				ENABLE_PREVIEWS = YES;
				GENERATE_INFOPLIST_FILE = YES;
				INFOPLIST_KEY_NSHumanReadableCopyright = "";
				LD_RUNPATH_SEARCH_PATHS = (
					"$(inherited)",
					"@executable_path/../Frameworks",
				);
				MACOSX_DEPLOYMENT_TARGET = 12.3;
				MARKETING_VERSION = 1.0;
				PRODUCT_BUNDLE_IDENTIFIER = nft.cyberpsych0siis.TestApp2;
				PRODUCT_NAME = TestApp2;
				SDKROOT = macosx;
				SWIFT_EMIT_LOC_STRINGS = YES;
				SWIFT_VERSION = 5.0;
			};
			name = Release;
		};
/* End XCBuildConfiguration section */

/* Begin XCConfigurationList section */
		C975E3AB280C5343005805B9 /* Build configuration list for PBXProject "TestApp2" */ = {
			isa = XCConfigurationList;
			buildConfigurations = (
				C975E3C3280C5344005805B9 /* Debug */,
				C975E3C4280C5344005805B9 /* Release */,
			);
			defaultConfigurationIsVisible = 0;
			defaultConfigurationName = Release;
		};
		C975E3C5280C5344005805B9 /* Build configuration list for PBXNativeTarget "TestApp2 (iOS)" */ = {
			isa = XCConfigurationList;
			buildConfigurations = (
				C975E3C6280C5344005805B9 /* Debug */,
				C975E3C7280C5344005805B9 /* Release */,
			);
			defaultConfigurationIsVisible = 0;
			defaultConfigurationName = Release;
		};
		C975E3C8280C5344005805B9 /* Build configuration list for PBXNativeTarget "TestApp2 (macOS)" */ = {
			isa = XCConfigurationList;
			buildConfigurations = (
				C975E3C9280C5344005805B9 /* Debug */,
				C975E3CA280C5344005805B9 /* Release */,
			);
			defaultConfigurationIsVisible = 0;
			defaultConfigurationName = Release;
		};
/* End XCConfigurationList section */
	};
	rootObject = C975E3A8280C5343005805B9 /* Project object */;
}
